// !$*UTF8*$!
{
	archiveVersion = 1;
	classes = {
	};
	objectVersion = 56;
	objects = {

/* Begin PBXBuildFile section */
		331043A92A1BCD570071E675 /* DependenciesAdditions in Frameworks */ = {isa = PBXBuildFile; productRef = 331043A82A1BCD570071E675 /* DependenciesAdditions */; };
		331043AB2A1BCD570071E675 /* _AppStorageDependency in Frameworks */ = {isa = PBXBuildFile; productRef = 331043AA2A1BCD570071E675 /* _AppStorageDependency */; };
		331043AD2A1BD1330071E675 /* UserDefaults+extensions.swift in Sources */ = {isa = PBXBuildFile; fileRef = 331043AC2A1BD1330071E675 /* UserDefaults+extensions.swift */; };
		337B80BD2A1C0F38005BD6B6 /* MainReducerTests.swift in Sources */ = {isa = PBXBuildFile; fileRef = 337B80BC2A1C0F38005BD6B6 /* MainReducerTests.swift */; };
		337B80BF2A1C0F3C005BD6B6 /* OnboardingTests.swift in Sources */ = {isa = PBXBuildFile; fileRef = 337B80BE2A1C0F3C005BD6B6 /* OnboardingTests.swift */; };
		337B80C12A1C0F48005BD6B6 /* TermsOfServiceTests.swift in Sources */ = {isa = PBXBuildFile; fileRef = 337B80C02A1C0F48005BD6B6 /* TermsOfServiceTests.swift */; };
		337B80C32A1C0F4D005BD6B6 /* CredentialsTests.swift in Sources */ = {isa = PBXBuildFile; fileRef = 337B80C22A1C0F4D005BD6B6 /* CredentialsTests.swift */; };
		337B80C52A1C0F52005BD6B6 /* PersonalInfoTests.swift in Sources */ = {isa = PBXBuildFile; fileRef = 337B80C42A1C0F52005BD6B6 /* PersonalInfoTests.swift */; };
		337B80C72A1C0F56005BD6B6 /* NewPinTests.swift in Sources */ = {isa = PBXBuildFile; fileRef = 337B80C62A1C0F56005BD6B6 /* NewPinTests.swift */; };
		337B80C92A1C0F5A005BD6B6 /* ConfirmPinTests.swift in Sources */ = {isa = PBXBuildFile; fileRef = 337B80C82A1C0F5A005BD6B6 /* ConfirmPinTests.swift */; };
		3399BF2D2A1B8C7E000ADDBE /* Main.swift in Sources */ = {isa = PBXBuildFile; fileRef = 3399BF2C2A1B8C7E000ADDBE /* Main.swift */; };
		3399BF2F2A1B8C7E000ADDBE /* _AppReducer.swift in Sources */ = {isa = PBXBuildFile; fileRef = 3399BF2E2A1B8C7E000ADDBE /* _AppReducer.swift */; };
		3399BF312A1B8C7F000ADDBE /* Assets.xcassets in Resources */ = {isa = PBXBuildFile; fileRef = 3399BF302A1B8C7F000ADDBE /* Assets.xcassets */; };
		3399BF342A1B8C7F000ADDBE /* Preview Assets.xcassets in Resources */ = {isa = PBXBuildFile; fileRef = 3399BF332A1B8C7F000ADDBE /* Preview Assets.xcassets */; };
		3399BF3E2A1B8C80000ADDBE /* AppReducerTests.swift in Sources */ = {isa = PBXBuildFile; fileRef = 3399BF3D2A1B8C80000ADDBE /* AppReducerTests.swift */; };
		3399BF5B2A1B8D6F000ADDBE /* ComposableArchitecture in Frameworks */ = {isa = PBXBuildFile; productRef = 3399BF5A2A1B8D6F000ADDBE /* ComposableArchitecture */; };
		3399BF5D2A1B9382000ADDBE /* 01-Credentials.swift in Sources */ = {isa = PBXBuildFile; fileRef = 3399BF5C2A1B9382000ADDBE /* 01-Credentials.swift */; };
		3399BF612A1B93A0000ADDBE /* 00-TermsOfService.swift in Sources */ = {isa = PBXBuildFile; fileRef = 3399BF602A1B93A0000ADDBE /* 00-TermsOfService.swift */; };
		3399BF632A1B9482000ADDBE /* 02-PersonalInfo.swift in Sources */ = {isa = PBXBuildFile; fileRef = 3399BF622A1B9482000ADDBE /* 02-PersonalInfo.swift */; };
		3399BF652A1B94AC000ADDBE /* 03-NewPin.swift in Sources */ = {isa = PBXBuildFile; fileRef = 3399BF642A1B94AC000ADDBE /* 03-NewPin.swift */; };
		3399BF692A1B963B000ADDBE /* 04-ConfirmPin.swift in Sources */ = {isa = PBXBuildFile; fileRef = 3399BF682A1B963B000ADDBE /* 04-ConfirmPin.swift */; };
		3399BF6B2A1BA12D000ADDBE /* Onboarding.swift in Sources */ = {isa = PBXBuildFile; fileRef = 3399BF6A2A1BA12D000ADDBE /* Onboarding.swift */; };
		3399BF6E2A1BA211000ADDBE /* MainReducer.swift in Sources */ = {isa = PBXBuildFile; fileRef = 3399BF6D2A1BA211000ADDBE /* MainReducer.swift */; };
		3399BF772A1BB8AA000ADDBE /* Tagged in Frameworks */ = {isa = PBXBuildFile; productRef = 3399BF762A1BB8AA000ADDBE /* Tagged */; };
/* End PBXBuildFile section */

/* Begin PBXContainerItemProxy section */
		3399BF3A2A1B8C80000ADDBE /* PBXContainerItemProxy */ = {
			isa = PBXContainerItemProxy;
			containerPortal = 3399BF212A1B8C7E000ADDBE /* Project object */;
			proxyType = 1;
			remoteGlobalIDString = 3399BF282A1B8C7E000ADDBE;
			remoteInfo = Onboarding;
		};
/* End PBXContainerItemProxy section */

/* Begin PBXFileReference section */
		331043AC2A1BD1330071E675 /* UserDefaults+extensions.swift */ = {isa = PBXFileReference; lastKnownFileType = sourcecode.swift; path = "UserDefaults+extensions.swift"; sourceTree = "<group>"; };
		337B80BC2A1C0F38005BD6B6 /* MainReducerTests.swift */ = {isa = PBXFileReference; lastKnownFileType = sourcecode.swift; path = MainReducerTests.swift; sourceTree = "<group>"; };
		337B80BE2A1C0F3C005BD6B6 /* OnboardingTests.swift */ = {isa = PBXFileReference; lastKnownFileType = sourcecode.swift; path = OnboardingTests.swift; sourceTree = "<group>"; };
		337B80C02A1C0F48005BD6B6 /* TermsOfServiceTests.swift */ = {isa = PBXFileReference; lastKnownFileType = sourcecode.swift; path = TermsOfServiceTests.swift; sourceTree = "<group>"; };
		337B80C22A1C0F4D005BD6B6 /* CredentialsTests.swift */ = {isa = PBXFileReference; lastKnownFileType = sourcecode.swift; path = CredentialsTests.swift; sourceTree = "<group>"; };
		337B80C42A1C0F52005BD6B6 /* PersonalInfoTests.swift */ = {isa = PBXFileReference; lastKnownFileType = sourcecode.swift; path = PersonalInfoTests.swift; sourceTree = "<group>"; };
		337B80C62A1C0F56005BD6B6 /* NewPinTests.swift */ = {isa = PBXFileReference; lastKnownFileType = sourcecode.swift; path = NewPinTests.swift; sourceTree = "<group>"; };
		337B80C82A1C0F5A005BD6B6 /* ConfirmPinTests.swift */ = {isa = PBXFileReference; lastKnownFileType = sourcecode.swift; path = ConfirmPinTests.swift; sourceTree = "<group>"; };
		3399BF292A1B8C7E000ADDBE /* Onboarding.app */ = {isa = PBXFileReference; explicitFileType = wrapper.application; includeInIndex = 0; path = Onboarding.app; sourceTree = BUILT_PRODUCTS_DIR; };
		3399BF2C2A1B8C7E000ADDBE /* Main.swift */ = {isa = PBXFileReference; lastKnownFileType = sourcecode.swift; path = Main.swift; sourceTree = "<group>"; };
		3399BF2E2A1B8C7E000ADDBE /* _AppReducer.swift */ = {isa = PBXFileReference; lastKnownFileType = sourcecode.swift; path = _AppReducer.swift; sourceTree = "<group>"; };
		3399BF302A1B8C7F000ADDBE /* Assets.xcassets */ = {isa = PBXFileReference; lastKnownFileType = folder.assetcatalog; path = Assets.xcassets; sourceTree = "<group>"; };
		3399BF332A1B8C7F000ADDBE /* Preview Assets.xcassets */ = {isa = PBXFileReference; lastKnownFileType = folder.assetcatalog; path = "Preview Assets.xcassets"; sourceTree = "<group>"; };
		3399BF392A1B8C80000ADDBE /* OnboardingTests.xctest */ = {isa = PBXFileReference; explicitFileType = wrapper.cfbundle; includeInIndex = 0; path = OnboardingTests.xctest; sourceTree = BUILT_PRODUCTS_DIR; };
		3399BF3D2A1B8C80000ADDBE /* AppReducerTests.swift */ = {isa = PBXFileReference; lastKnownFileType = sourcecode.swift; path = AppReducerTests.swift; sourceTree = "<group>"; };
		3399BF5C2A1B9382000ADDBE /* 01-Credentials.swift */ = {isa = PBXFileReference; lastKnownFileType = sourcecode.swift; path = "01-Credentials.swift"; sourceTree = "<group>"; };
		3399BF602A1B93A0000ADDBE /* 00-TermsOfService.swift */ = {isa = PBXFileReference; lastKnownFileType = sourcecode.swift; path = "00-TermsOfService.swift"; sourceTree = "<group>"; };
		3399BF622A1B9482000ADDBE /* 02-PersonalInfo.swift */ = {isa = PBXFileReference; lastKnownFileType = sourcecode.swift; path = "02-PersonalInfo.swift"; sourceTree = "<group>"; };
		3399BF642A1B94AC000ADDBE /* 03-NewPin.swift */ = {isa = PBXFileReference; lastKnownFileType = sourcecode.swift; path = "03-NewPin.swift"; sourceTree = "<group>"; };
		3399BF682A1B963B000ADDBE /* 04-ConfirmPin.swift */ = {isa = PBXFileReference; lastKnownFileType = sourcecode.swift; path = "04-ConfirmPin.swift"; sourceTree = "<group>"; };
		3399BF6A2A1BA12D000ADDBE /* Onboarding.swift */ = {isa = PBXFileReference; lastKnownFileType = sourcecode.swift; path = Onboarding.swift; sourceTree = "<group>"; };
		3399BF6D2A1BA211000ADDBE /* MainReducer.swift */ = {isa = PBXFileReference; lastKnownFileType = sourcecode.swift; path = MainReducer.swift; sourceTree = "<group>"; };
/* End PBXFileReference section */

/* Begin PBXFrameworksBuildPhase section */
		3399BF262A1B8C7E000ADDBE /* Frameworks */ = {
			isa = PBXFrameworksBuildPhase;
			buildActionMask = 2147483647;
			files = (
				331043A92A1BCD570071E675 /* DependenciesAdditions in Frameworks */,
				331043AB2A1BCD570071E675 /* _AppStorageDependency in Frameworks */,
				3399BF772A1BB8AA000ADDBE /* Tagged in Frameworks */,
				3399BF5B2A1B8D6F000ADDBE /* ComposableArchitecture in Frameworks */,
			);
			runOnlyForDeploymentPostprocessing = 0;
		};
		3399BF362A1B8C80000ADDBE /* Frameworks */ = {
			isa = PBXFrameworksBuildPhase;
			buildActionMask = 2147483647;
			files = (
			);
			runOnlyForDeploymentPostprocessing = 0;
		};
/* End PBXFrameworksBuildPhase section */

/* Begin PBXGroup section */
		3399BF202A1B8C7E000ADDBE = {
			isa = PBXGroup;
			children = (
				3399BF2B2A1B8C7E000ADDBE /* Onboarding */,
				3399BF3C2A1B8C80000ADDBE /* OnboardingTests */,
				3399BF2A2A1B8C7E000ADDBE /* Products */,
			);
			sourceTree = "<group>";
		};
		3399BF2A2A1B8C7E000ADDBE /* Products */ = {
			isa = PBXGroup;
			children = (
				3399BF292A1B8C7E000ADDBE /* Onboarding.app */,
				3399BF392A1B8C80000ADDBE /* OnboardingTests.xctest */,
			);
			name = Products;
			sourceTree = "<group>";
		};
		3399BF2B2A1B8C7E000ADDBE /* Onboarding */ = {
			isa = PBXGroup;
			children = (
				3399BF572A1B8CDC000ADDBE /* Dependencies */,
				3399BF562A1B8CD6000ADDBE /* Features */,
				3399BF582A1B8CE9000ADDBE /* Resources */,
			);
			path = Onboarding;
			sourceTree = "<group>";
		};
		3399BF322A1B8C7F000ADDBE /* Preview Content */ = {
			isa = PBXGroup;
			children = (
				3399BF332A1B8C7F000ADDBE /* Preview Assets.xcassets */,
			);
			path = "Preview Content";
			sourceTree = "<group>";
		};
		3399BF3C2A1B8C80000ADDBE /* OnboardingTests */ = {
			isa = PBXGroup;
			children = (
				3399BF3D2A1B8C80000ADDBE /* AppReducerTests.swift */,
				337B80BC2A1C0F38005BD6B6 /* MainReducerTests.swift */,
				337B80BE2A1C0F3C005BD6B6 /* OnboardingTests.swift */,
				337B80C02A1C0F48005BD6B6 /* TermsOfServiceTests.swift */,
				337B80C22A1C0F4D005BD6B6 /* CredentialsTests.swift */,
				337B80C42A1C0F52005BD6B6 /* PersonalInfoTests.swift */,
				337B80C62A1C0F56005BD6B6 /* NewPinTests.swift */,
				337B80C82A1C0F5A005BD6B6 /* ConfirmPinTests.swift */,
			);
			path = OnboardingTests;
			sourceTree = "<group>";
		};
		3399BF562A1B8CD6000ADDBE /* Features */ = {
			isa = PBXGroup;
			children = (
				3399BF2E2A1B8C7E000ADDBE /* _AppReducer.swift */,
				3399BF6F2A1BA214000ADDBE /* Main */,
				3399BF6C2A1BA1A3000ADDBE /* Onboarding */,
			);
			path = Features;
			sourceTree = "<group>";
		};
		3399BF572A1B8CDC000ADDBE /* Dependencies */ = {
			isa = PBXGroup;
			children = (
				331043AC2A1BD1330071E675 /* UserDefaults+extensions.swift */,
			);
			path = Dependencies;
			sourceTree = "<group>";
		};
		3399BF582A1B8CE9000ADDBE /* Resources */ = {
			isa = PBXGroup;
			children = (
				3399BF322A1B8C7F000ADDBE /* Preview Content */,
				3399BF2C2A1B8C7E000ADDBE /* Main.swift */,
				3399BF302A1B8C7F000ADDBE /* Assets.xcassets */,
			);
			path = Resources;
			sourceTree = "<group>";
		};
		3399BF6C2A1BA1A3000ADDBE /* Onboarding */ = {
			isa = PBXGroup;
			children = (
				3399BF6A2A1BA12D000ADDBE /* Onboarding.swift */,
				3399BF602A1B93A0000ADDBE /* 00-TermsOfService.swift */,
				3399BF5C2A1B9382000ADDBE /* 01-Credentials.swift */,
				3399BF622A1B9482000ADDBE /* 02-PersonalInfo.swift */,
				3399BF642A1B94AC000ADDBE /* 03-NewPin.swift */,
				3399BF682A1B963B000ADDBE /* 04-ConfirmPin.swift */,
			);
			path = Onboarding;
			sourceTree = "<group>";
		};
		3399BF6F2A1BA214000ADDBE /* Main */ = {
			isa = PBXGroup;
			children = (
				3399BF6D2A1BA211000ADDBE /* MainReducer.swift */,
			);
			path = Main;
			sourceTree = "<group>";
		};
/* End PBXGroup section */

/* Begin PBXNativeTarget section */
		3399BF282A1B8C7E000ADDBE /* Onboarding */ = {
			isa = PBXNativeTarget;
			buildConfigurationList = 3399BF4D2A1B8C80000ADDBE /* Build configuration list for PBXNativeTarget "Onboarding" */;
			buildPhases = (
				3399BF252A1B8C7E000ADDBE /* Sources */,
				3399BF262A1B8C7E000ADDBE /* Frameworks */,
				3399BF272A1B8C7E000ADDBE /* Resources */,
			);
			buildRules = (
			);
			dependencies = (
			);
			name = Onboarding;
			packageProductDependencies = (
				3399BF5A2A1B8D6F000ADDBE /* ComposableArchitecture */,
				3399BF762A1BB8AA000ADDBE /* Tagged */,
				331043A82A1BCD570071E675 /* DependenciesAdditions */,
				331043AA2A1BCD570071E675 /* _AppStorageDependency */,
			);
			productName = Onboarding;
			productReference = 3399BF292A1B8C7E000ADDBE /* Onboarding.app */;
			productType = "com.apple.product-type.application";
		};
		3399BF382A1B8C80000ADDBE /* OnboardingTests */ = {
			isa = PBXNativeTarget;
			buildConfigurationList = 3399BF502A1B8C80000ADDBE /* Build configuration list for PBXNativeTarget "OnboardingTests" */;
			buildPhases = (
				3399BF352A1B8C80000ADDBE /* Sources */,
				3399BF362A1B8C80000ADDBE /* Frameworks */,
				3399BF372A1B8C80000ADDBE /* Resources */,
			);
			buildRules = (
			);
			dependencies = (
				3399BF3B2A1B8C80000ADDBE /* PBXTargetDependency */,
			);
			name = OnboardingTests;
			productName = OnboardingTests;
			productReference = 3399BF392A1B8C80000ADDBE /* OnboardingTests.xctest */;
			productType = "com.apple.product-type.bundle.unit-test";
		};
/* End PBXNativeTarget section */

/* Begin PBXProject section */
		3399BF212A1B8C7E000ADDBE /* Project object */ = {
			isa = PBXProject;
			attributes = {
				BuildIndependentTargetsInParallel = 1;
				LastSwiftUpdateCheck = 1430;
				LastUpgradeCheck = 1430;
				TargetAttributes = {
					3399BF282A1B8C7E000ADDBE = {
						CreatedOnToolsVersion = 14.3;
					};
					3399BF382A1B8C80000ADDBE = {
						CreatedOnToolsVersion = 14.3;
						TestTargetID = 3399BF282A1B8C7E000ADDBE;
					};
				};
			};
			buildConfigurationList = 3399BF242A1B8C7E000ADDBE /* Build configuration list for PBXProject "Onboarding" */;
			compatibilityVersion = "Xcode 14.0";
			developmentRegion = en;
			hasScannedForEncodings = 0;
			knownRegions = (
				en,
				Base,
			);
			mainGroup = 3399BF202A1B8C7E000ADDBE;
			packageReferences = (
				3399BF592A1B8D6F000ADDBE /* XCRemoteSwiftPackageReference "swift-composable-architecture" */,
				3399BF752A1BB8AA000ADDBE /* XCRemoteSwiftPackageReference "swift-tagged" */,
				331043A72A1BCD570071E675 /* XCRemoteSwiftPackageReference "swift-dependencies-additions" */,
			);
			productRefGroup = 3399BF2A2A1B8C7E000ADDBE /* Products */;
			projectDirPath = "";
			projectRoot = "";
			targets = (
				3399BF282A1B8C7E000ADDBE /* Onboarding */,
				3399BF382A1B8C80000ADDBE /* OnboardingTests */,
			);
		};
/* End PBXProject section */

/* Begin PBXResourcesBuildPhase section */
		3399BF272A1B8C7E000ADDBE /* Resources */ = {
			isa = PBXResourcesBuildPhase;
			buildActionMask = 2147483647;
			files = (
				3399BF342A1B8C7F000ADDBE /* Preview Assets.xcassets in Resources */,
				3399BF312A1B8C7F000ADDBE /* Assets.xcassets in Resources */,
			);
			runOnlyForDeploymentPostprocessing = 0;
		};
		3399BF372A1B8C80000ADDBE /* Resources */ = {
			isa = PBXResourcesBuildPhase;
			buildActionMask = 2147483647;
			files = (
			);
			runOnlyForDeploymentPostprocessing = 0;
		};
/* End PBXResourcesBuildPhase section */

/* Begin PBXSourcesBuildPhase section */
		3399BF252A1B8C7E000ADDBE /* Sources */ = {
			isa = PBXSourcesBuildPhase;
			buildActionMask = 2147483647;
			files = (
				3399BF6E2A1BA211000ADDBE /* MainReducer.swift in Sources */,
				3399BF6B2A1BA12D000ADDBE /* Onboarding.swift in Sources */,
				3399BF612A1B93A0000ADDBE /* 00-TermsOfService.swift in Sources */,
				3399BF5D2A1B9382000ADDBE /* 01-Credentials.swift in Sources */,
				3399BF692A1B963B000ADDBE /* 04-ConfirmPin.swift in Sources */,
				3399BF2F2A1B8C7E000ADDBE /* _AppReducer.swift in Sources */,
				3399BF652A1B94AC000ADDBE /* 03-NewPin.swift in Sources */,
				3399BF2D2A1B8C7E000ADDBE /* Main.swift in Sources */,
				331043AD2A1BD1330071E675 /* UserDefaults+extensions.swift in Sources */,
				3399BF632A1B9482000ADDBE /* 02-PersonalInfo.swift in Sources */,
			);
			runOnlyForDeploymentPostprocessing = 0;
		};
		3399BF352A1B8C80000ADDBE /* Sources */ = {
			isa = PBXSourcesBuildPhase;
			buildActionMask = 2147483647;
			files = (
				337B80C92A1C0F5A005BD6B6 /* ConfirmPinTests.swift in Sources */,
				337B80C32A1C0F4D005BD6B6 /* CredentialsTests.swift in Sources */,
				337B80C12A1C0F48005BD6B6 /* TermsOfServiceTests.swift in Sources */,
				337B80BF2A1C0F3C005BD6B6 /* OnboardingTests.swift in Sources */,
				337B80C52A1C0F52005BD6B6 /* PersonalInfoTests.swift in Sources */,
				337B80C72A1C0F56005BD6B6 /* NewPinTests.swift in Sources */,
				3399BF3E2A1B8C80000ADDBE /* AppReducerTests.swift in Sources */,
				337B80BD2A1C0F38005BD6B6 /* MainReducerTests.swift in Sources */,
			);
			runOnlyForDeploymentPostprocessing = 0;
		};
/* End PBXSourcesBuildPhase section */

/* Begin PBXTargetDependency section */
		3399BF3B2A1B8C80000ADDBE /* PBXTargetDependency */ = {
			isa = PBXTargetDependency;
			target = 3399BF282A1B8C7E000ADDBE /* Onboarding */;
			targetProxy = 3399BF3A2A1B8C80000ADDBE /* PBXContainerItemProxy */;
		};
/* End PBXTargetDependency section */

/* Begin XCBuildConfiguration section */
		3399BF4B2A1B8C80000ADDBE /* Debug */ = {
			isa = XCBuildConfiguration;
			buildSettings = {
				ALWAYS_SEARCH_USER_PATHS = NO;
				CLANG_ANALYZER_NONNULL = YES;
				CLANG_ANALYZER_NUMBER_OBJECT_CONVERSION = YES_AGGRESSIVE;
				CLANG_CXX_LANGUAGE_STANDARD = "gnu++20";
				CLANG_ENABLE_MODULES = YES;
				CLANG_ENABLE_OBJC_ARC = YES;
				CLANG_ENABLE_OBJC_WEAK = YES;
				CLANG_WARN_BLOCK_CAPTURE_AUTORELEASING = YES;
				CLANG_WARN_BOOL_CONVERSION = YES;
				CLANG_WARN_COMMA = YES;
				CLANG_WARN_CONSTANT_CONVERSION = YES;
				CLANG_WARN_DEPRECATED_OBJC_IMPLEMENTATIONS = YES;
				CLANG_WARN_DIRECT_OBJC_ISA_USAGE = YES_ERROR;
				CLANG_WARN_DOCUMENTATION_COMMENTS = YES;
				CLANG_WARN_EMPTY_BODY = YES;
				CLANG_WARN_ENUM_CONVERSION = YES;
				CLANG_WARN_INFINITE_RECURSION = YES;
				CLANG_WARN_INT_CONVERSION = YES;
				CLANG_WARN_NON_LITERAL_NULL_CONVERSION = YES;
				CLANG_WARN_OBJC_IMPLICIT_RETAIN_SELF = YES;
				CLANG_WARN_OBJC_LITERAL_CONVERSION = YES;
				CLANG_WARN_OBJC_ROOT_CLASS = YES_ERROR;
				CLANG_WARN_QUOTED_INCLUDE_IN_FRAMEWORK_HEADER = YES;
				CLANG_WARN_RANGE_LOOP_ANALYSIS = YES;
				CLANG_WARN_STRICT_PROTOTYPES = YES;
				CLANG_WARN_SUSPICIOUS_MOVE = YES;
				CLANG_WARN_UNGUARDED_AVAILABILITY = YES_AGGRESSIVE;
				CLANG_WARN_UNREACHABLE_CODE = YES;
				CLANG_WARN__DUPLICATE_METHOD_MATCH = YES;
				COPY_PHASE_STRIP = NO;
				DEBUG_INFORMATION_FORMAT = dwarf;
				ENABLE_STRICT_OBJC_MSGSEND = YES;
				ENABLE_TESTABILITY = YES;
				GCC_C_LANGUAGE_STANDARD = gnu11;
				GCC_DYNAMIC_NO_PIC = NO;
				GCC_NO_COMMON_BLOCKS = YES;
				GCC_OPTIMIZATION_LEVEL = 0;
				GCC_PREPROCESSOR_DEFINITIONS = (
					"DEBUG=1",
					"$(inherited)",
				);
				GCC_WARN_64_TO_32_BIT_CONVERSION = YES;
				GCC_WARN_ABOUT_RETURN_TYPE = YES_ERROR;
				GCC_WARN_UNDECLARED_SELECTOR = YES;
				GCC_WARN_UNINITIALIZED_AUTOS = YES_AGGRESSIVE;
				GCC_WARN_UNUSED_FUNCTION = YES;
				GCC_WARN_UNUSED_VARIABLE = YES;
				IPHONEOS_DEPLOYMENT_TARGET = 16.0;
				MTL_ENABLE_DEBUG_INFO = INCLUDE_SOURCE;
				MTL_FAST_MATH = YES;
				ONLY_ACTIVE_ARCH = YES;
				SDKROOT = iphoneos;
				SWIFT_ACTIVE_COMPILATION_CONDITIONS = DEBUG;
				SWIFT_OPTIMIZATION_LEVEL = "-Onone";
			};
			name = Debug;
		};
		3399BF4C2A1B8C80000ADDBE /* Release */ = {
			isa = XCBuildConfiguration;
			buildSettings = {
				ALWAYS_SEARCH_USER_PATHS = NO;
				CLANG_ANALYZER_NONNULL = YES;
				CLANG_ANALYZER_NUMBER_OBJECT_CONVERSION = YES_AGGRESSIVE;
				CLANG_CXX_LANGUAGE_STANDARD = "gnu++20";
				CLANG_ENABLE_MODULES = YES;
				CLANG_ENABLE_OBJC_ARC = YES;
				CLANG_ENABLE_OBJC_WEAK = YES;
				CLANG_WARN_BLOCK_CAPTURE_AUTORELEASING = YES;
				CLANG_WARN_BOOL_CONVERSION = YES;
				CLANG_WARN_COMMA = YES;
				CLANG_WARN_CONSTANT_CONVERSION = YES;
				CLANG_WARN_DEPRECATED_OBJC_IMPLEMENTATIONS = YES;
				CLANG_WARN_DIRECT_OBJC_ISA_USAGE = YES_ERROR;
				CLANG_WARN_DOCUMENTATION_COMMENTS = YES;
				CLANG_WARN_EMPTY_BODY = YES;
				CLANG_WARN_ENUM_CONVERSION = YES;
				CLANG_WARN_INFINITE_RECURSION = YES;
				CLANG_WARN_INT_CONVERSION = YES;
				CLANG_WARN_NON_LITERAL_NULL_CONVERSION = YES;
				CLANG_WARN_OBJC_IMPLICIT_RETAIN_SELF = YES;
				CLANG_WARN_OBJC_LITERAL_CONVERSION = YES;
				CLANG_WARN_OBJC_ROOT_CLASS = YES_ERROR;
				CLANG_WARN_QUOTED_INCLUDE_IN_FRAMEWORK_HEADER = YES;
				CLANG_WARN_RANGE_LOOP_ANALYSIS = YES;
				CLANG_WARN_STRICT_PROTOTYPES = YES;
				CLANG_WARN_SUSPICIOUS_MOVE = YES;
				CLANG_WARN_UNGUARDED_AVAILABILITY = YES_AGGRESSIVE;
				CLANG_WARN_UNREACHABLE_CODE = YES;
				CLANG_WARN__DUPLICATE_METHOD_MATCH = YES;
				COPY_PHASE_STRIP = NO;
				DEBUG_INFORMATION_FORMAT = "dwarf-with-dsym";
				ENABLE_NS_ASSERTIONS = NO;
				ENABLE_STRICT_OBJC_MSGSEND = YES;
				GCC_C_LANGUAGE_STANDARD = gnu11;
				GCC_NO_COMMON_BLOCKS = YES;
				GCC_WARN_64_TO_32_BIT_CONVERSION = YES;
				GCC_WARN_ABOUT_RETURN_TYPE = YES_ERROR;
				GCC_WARN_UNDECLARED_SELECTOR = YES;
				GCC_WARN_UNINITIALIZED_AUTOS = YES_AGGRESSIVE;
				GCC_WARN_UNUSED_FUNCTION = YES;
				GCC_WARN_UNUSED_VARIABLE = YES;
				IPHONEOS_DEPLOYMENT_TARGET = 16.0;
				MTL_ENABLE_DEBUG_INFO = NO;
				MTL_FAST_MATH = YES;
				SDKROOT = iphoneos;
				SWIFT_COMPILATION_MODE = wholemodule;
				SWIFT_OPTIMIZATION_LEVEL = "-O";
				VALIDATE_PRODUCT = YES;
			};
			name = Release;
		};
		3399BF4E2A1B8C80000ADDBE /* Debug */ = {
			isa = XCBuildConfiguration;
			buildSettings = {
				ASSETCATALOG_COMPILER_APPICON_NAME = AppIcon;
				ASSETCATALOG_COMPILER_GLOBAL_ACCENT_COLOR_NAME = AccentColor;
				CODE_SIGN_STYLE = Automatic;
				CURRENT_PROJECT_VERSION = 1;
				DEVELOPMENT_ASSET_PATHS = "\"Onboarding/Resources/Preview Content\"";
				DEVELOPMENT_TEAM = ME637H7ZM9;
				ENABLE_PREVIEWS = YES;
				GENERATE_INFOPLIST_FILE = YES;
				INFOPLIST_KEY_UIApplicationSceneManifest_Generation = YES;
				INFOPLIST_KEY_UIApplicationSupportsIndirectInputEvents = YES;
				INFOPLIST_KEY_UILaunchScreen_Generation = YES;
				INFOPLIST_KEY_UISupportedInterfaceOrientations_iPad = "UIInterfaceOrientationPortrait UIInterfaceOrientationPortraitUpsideDown UIInterfaceOrientationLandscapeLeft UIInterfaceOrientationLandscapeRight";
				INFOPLIST_KEY_UISupportedInterfaceOrientations_iPhone = "UIInterfaceOrientationPortrait UIInterfaceOrientationLandscapeLeft UIInterfaceOrientationLandscapeRight";
				LD_RUNPATH_SEARCH_PATHS = (
					"$(inherited)",
					"@executable_path/Frameworks",
				);
				MARKETING_VERSION = 1.0;
				PRODUCT_BUNDLE_IDENTIFIER = com.deda.Onboarding;
				PRODUCT_NAME = "$(TARGET_NAME)";
				SWIFT_EMIT_LOC_STRINGS = YES;
				SWIFT_VERSION = 5.0;
				TARGETED_DEVICE_FAMILY = "1,2";
			};
			name = Debug;
		};
		3399BF4F2A1B8C80000ADDBE /* Release */ = {
			isa = XCBuildConfiguration;
			buildSettings = {
				ASSETCATALOG_COMPILER_APPICON_NAME = AppIcon;
				ASSETCATALOG_COMPILER_GLOBAL_ACCENT_COLOR_NAME = AccentColor;
				CODE_SIGN_STYLE = Automatic;
				CURRENT_PROJECT_VERSION = 1;
				DEVELOPMENT_ASSET_PATHS = "\"Onboarding/Resources/Preview Content\"";
				DEVELOPMENT_TEAM = ME637H7ZM9;
				ENABLE_PREVIEWS = YES;
				GENERATE_INFOPLIST_FILE = YES;
				INFOPLIST_KEY_UIApplicationSceneManifest_Generation = YES;
				INFOPLIST_KEY_UIApplicationSupportsIndirectInputEvents = YES;
				INFOPLIST_KEY_UILaunchScreen_Generation = YES;
				INFOPLIST_KEY_UISupportedInterfaceOrientations_iPad = "UIInterfaceOrientationPortrait UIInterfaceOrientationPortraitUpsideDown UIInterfaceOrientationLandscapeLeft UIInterfaceOrientationLandscapeRight";
				INFOPLIST_KEY_UISupportedInterfaceOrientations_iPhone = "UIInterfaceOrientationPortrait UIInterfaceOrientationLandscapeLeft UIInterfaceOrientationLandscapeRight";
				LD_RUNPATH_SEARCH_PATHS = (
					"$(inherited)",
					"@executable_path/Frameworks",
				);
				MARKETING_VERSION = 1.0;
				PRODUCT_BUNDLE_IDENTIFIER = com.deda.Onboarding;
				PRODUCT_NAME = "$(TARGET_NAME)";
				SWIFT_EMIT_LOC_STRINGS = YES;
				SWIFT_VERSION = 5.0;
				TARGETED_DEVICE_FAMILY = "1,2";
			};
			name = Release;
		};
		3399BF512A1B8C80000ADDBE /* Debug */ = {
			isa = XCBuildConfiguration;
			buildSettings = {
				ALWAYS_EMBED_SWIFT_STANDARD_LIBRARIES = YES;
				BUNDLE_LOADER = "$(TEST_HOST)";
				CODE_SIGN_STYLE = Automatic;
				CURRENT_PROJECT_VERSION = 1;
				DEVELOPMENT_TEAM = ME637H7ZM9;
				GENERATE_INFOPLIST_FILE = YES;
				IPHONEOS_DEPLOYMENT_TARGET = 16.0;
				MARKETING_VERSION = 1.0;
				PRODUCT_BUNDLE_IDENTIFIER = com.deda.OnboardingTests;
				PRODUCT_NAME = "$(TARGET_NAME)";
				SWIFT_EMIT_LOC_STRINGS = NO;
				SWIFT_VERSION = 5.0;
				TARGETED_DEVICE_FAMILY = "1,2";
				TEST_HOST = "$(BUILT_PRODUCTS_DIR)/Onboarding.app/$(BUNDLE_EXECUTABLE_FOLDER_PATH)/Onboarding";
				TVOS_DEPLOYMENT_TARGET = 16.0;
			};
			name = Debug;
		};
		3399BF522A1B8C80000ADDBE /* Release */ = {
			isa = XCBuildConfiguration;
			buildSettings = {
				ALWAYS_EMBED_SWIFT_STANDARD_LIBRARIES = YES;
				BUNDLE_LOADER = "$(TEST_HOST)";
				CODE_SIGN_STYLE = Automatic;
				CURRENT_PROJECT_VERSION = 1;
				DEVELOPMENT_TEAM = ME637H7ZM9;
				GENERATE_INFOPLIST_FILE = YES;
				IPHONEOS_DEPLOYMENT_TARGET = 16.0;
				MARKETING_VERSION = 1.0;
				PRODUCT_BUNDLE_IDENTIFIER = com.deda.OnboardingTests;
				PRODUCT_NAME = "$(TARGET_NAME)";
				SWIFT_EMIT_LOC_STRINGS = NO;
				SWIFT_VERSION = 5.0;
				TARGETED_DEVICE_FAMILY = "1,2";
				TEST_HOST = "$(BUILT_PRODUCTS_DIR)/Onboarding.app/$(BUNDLE_EXECUTABLE_FOLDER_PATH)/Onboarding";
				TVOS_DEPLOYMENT_TARGET = 16.0;
			};
			name = Release;
		};
/* End XCBuildConfiguration section */

/* Begin XCConfigurationList section */
		3399BF242A1B8C7E000ADDBE /* Build configuration list for PBXProject "Onboarding" */ = {
			isa = XCConfigurationList;
			buildConfigurations = (
				3399BF4B2A1B8C80000ADDBE /* Debug */,
				3399BF4C2A1B8C80000ADDBE /* Release */,
			);
			defaultConfigurationIsVisible = 0;
			defaultConfigurationName = Release;
		};
		3399BF4D2A1B8C80000ADDBE /* Build configuration list for PBXNativeTarget "Onboarding" */ = {
			isa = XCConfigurationList;
			buildConfigurations = (
				3399BF4E2A1B8C80000ADDBE /* Debug */,
				3399BF4F2A1B8C80000ADDBE /* Release */,
			);
			defaultConfigurationIsVisible = 0;
			defaultConfigurationName = Release;
		};
		3399BF502A1B8C80000ADDBE /* Build configuration list for PBXNativeTarget "OnboardingTests" */ = {
			isa = XCConfigurationList;
			buildConfigurations = (
				3399BF512A1B8C80000ADDBE /* Debug */,
				3399BF522A1B8C80000ADDBE /* Release */,
			);
			defaultConfigurationIsVisible = 0;
			defaultConfigurationName = Release;
		};
/* End XCConfigurationList section */

/* Begin XCRemoteSwiftPackageReference section */
		331043A72A1BCD570071E675 /* XCRemoteSwiftPackageReference "swift-dependencies-additions" */ = {
			isa = XCRemoteSwiftPackageReference;
			repositoryURL = "https://github.com/tgrapperon/swift-dependencies-additions";
			requirement = {
				kind = upToNextMajorVersion;
				minimumVersion = 0.5.1;
			};
		};
		3399BF592A1B8D6F000ADDBE /* XCRemoteSwiftPackageReference "swift-composable-architecture" */ = {
			isa = XCRemoteSwiftPackageReference;
			repositoryURL = "https://github.com/pointfreeco/swift-composable-architecture";
			requirement = {
				branch = prerelease/1.0;
				kind = branch;
			};
		};
		3399BF752A1BB8AA000ADDBE /* XCRemoteSwiftPackageReference "swift-tagged" */ = {
			isa = XCRemoteSwiftPackageReference;
			repositoryURL = "https://github.com/pointfreeco/swift-tagged";
			requirement = {
				kind = upToNextMajorVersion;
				minimumVersion = 0.10.0;
			};
		};
/* End XCRemoteSwiftPackageReference section */

/* Begin XCSwiftPackageProductDependency section */
		331043A82A1BCD570071E675 /* DependenciesAdditions */ = {
			isa = XCSwiftPackageProductDependency;
			package = 331043A72A1BCD570071E675 /* XCRemoteSwiftPackageReference "swift-dependencies-additions" */;
			productName = DependenciesAdditions;
		};
		331043AA2A1BCD570071E675 /* _AppStorageDependency */ = {
			isa = XCSwiftPackageProductDependency;
			package = 331043A72A1BCD570071E675 /* XCRemoteSwiftPackageReference "swift-dependencies-additions" */;
			productName = _AppStorageDependency;
		};
		3399BF5A2A1B8D6F000ADDBE /* ComposableArchitecture */ = {
			isa = XCSwiftPackageProductDependency;
			package = 3399BF592A1B8D6F000ADDBE /* XCRemoteSwiftPackageReference "swift-composable-architecture" */;
			productName = ComposableArchitecture;
		};
		3399BF762A1BB8AA000ADDBE /* Tagged */ = {
			isa = XCSwiftPackageProductDependency;
			package = 3399BF752A1BB8AA000ADDBE /* XCRemoteSwiftPackageReference "swift-tagged" */;
			productName = Tagged;
		};
/* End XCSwiftPackageProductDependency section */
	};
	rootObject = 3399BF212A1B8C7E000ADDBE /* Project object */;
}
